
Microsoft Visual Studio Solution File, Format Version 12.00
# Visual Studio Version 17
VisualStudioVersion = 17.7.34024.191
MinimumVisualStudioVersion = 10.0.40219.1
Project("{FAE04EC0-301F-11D3-BF4B-00C04F79EFBC}") = "QuanLiPhongKhamNhaKhoa_New", "QuanLiPhongKhamNhaKhoa_New\QuanLiPhongKhamNhaKhoa_New.csproj", "{159636DA-3616-45BF-8A46-322CC91CF56D}"
EndProject
Global
	GlobalSection(SolutionConfigurationPlatforms) = preSolution
		Debug|Any CPU = Debug|Any CPU
		Release|Any CPU = Release|Any CPU
	EndGlobalSection
	GlobalSection(ProjectConfigurationPlatforms) = postSolution
		{159636DA-3616-45BF-8A46-322CC91CF56D}.Debug|Any CPU.ActiveCfg = Debug|Any CPU
		{159636DA-3616-45BF-8A46-322CC91CF56D}.Debug|Any CPU.Build.0 = Debug|Any CPU
		{159636DA-3616-45BF-8A46-322CC91CF56D}.Release|Any CPU.ActiveCfg = Release|Any CPU
		{159636DA-3616-45BF-8A46-322CC91CF56D}.Release|Any CPU.Build.0 = Release|Any CPU
	EndGlobalSection
	GlobalSection(SolutionProperties) = preSolution
		HideSolutionNode = FALSE
	EndGlobalSection
	GlobalSection(ExtensibilityGlobals) = postSolution
		SolutionGuid = {AAAF7A96-C083-4E64-B33C-DB2BE9D904FE}
	EndGlobalSection
EndGlobal
